
Microsoft Visual Studio Solution File, Format Version 12.00
# Visual Studio Version 16
VisualStudioVersion = 16.0.32929.386
MinimumVisualStudioVersion = 10.0.40219.1
Project("{888888A0-9F3D-457C-B088-3A5042F75D52}") = "shopify-proj", "shopify-proj.pyproj", "{AF528EF4-4531-4DDC-A1CB-0E678BCF3A1A}"
EndProject
Global
	GlobalSection(SolutionConfigurationPlatforms) = preSolution
		Debug|Any CPU = Debug|Any CPU
		Release|Any CPU = Release|Any CPU
	EndGlobalSection
	GlobalSection(ProjectConfigurationPlatforms) = postSolution
		{AF528EF4-4531-4DDC-A1CB-0E678BCF3A1A}.Debug|Any CPU.ActiveCfg = Debug|Any CPU
		{AF528EF4-4531-4DDC-A1CB-0E678BCF3A1A}.Release|Any CPU.ActiveCfg = Release|Any CPU
	EndGlobalSection
	GlobalSection(SolutionProperties) = preSolution
		HideSolutionNode = FALSE
	EndGlobalSection
	GlobalSection(ExtensibilityGlobals) = postSolution
		SolutionGuid = {B8DBA465-B53E-4A08-B5F8-FC1CC0E3A5BC}
	EndGlobalSection
EndGlobal
